
Microsoft Visual Studio Solution File, Format Version 12.00
# Visual Studio Version 16
VisualStudioVersion = 16.0.31729.503
MinimumVisualStudioVersion = 10.0.40219.1
Project("{FAE04EC0-301F-11D3-BF4B-00C04F79EFBC}") = "EmpWages", "EmpWages.csproj", "{9F5A1F06-AA0C-4F52-8575-FAF229BC9F1C}"
EndProject
Global
	GlobalSection(SolutionConfigurationPlatforms) = preSolution
		Debug|Any CPU = Debug|Any CPU
		Release|Any CPU = Release|Any CPU
	EndGlobalSection
	GlobalSection(ProjectConfigurationPlatforms) = postSolution
		{9F5A1F06-AA0C-4F52-8575-FAF229BC9F1C}.Debug|Any CPU.ActiveCfg = Debug|Any CPU
		{9F5A1F06-AA0C-4F52-8575-FAF229BC9F1C}.Debug|Any CPU.Build.0 = Debug|Any CPU
		{9F5A1F06-AA0C-4F52-8575-FAF229BC9F1C}.Release|Any CPU.ActiveCfg = Release|Any CPU
		{9F5A1F06-AA0C-4F52-8575-FAF229BC9F1C}.Release|Any CPU.Build.0 = Release|Any CPU
	EndGlobalSection
	GlobalSection(SolutionProperties) = preSolution
		HideSolutionNode = FALSE
	EndGlobalSection
	GlobalSection(ExtensibilityGlobals) = postSolution
		SolutionGuid = {DFF692CB-FB67-41E1-B2C1-C551A95E390E}
	EndGlobalSection
EndGlobal
